<?xml version="1.0" encoding="utf-8"?>
<Project ToolsVersion="4.0" xmlns="http://schemas.microsoft.com/developer/msbuild/2003">
  <ItemGroup>
    <Filter Include="system">
      <UniqueIdentifier>{22dd8095-74f9-46df-81a1-36675a040b1f}</UniqueIdentifier>
    </Filter>
    <Filter Include="Source">
      <UniqueIdentifier>{6af6b6ec-2e2d-475e-9e4d-cb01b5b47607}</UniqueIdentifier>
    </Filter>
    <Filter Include="Source\Actor">
      <UniqueIdentifier>{d0b1b4a2-6aff-4c50-97ed-7afe937d1803}</UniqueIdentifier>
    </Filter>
    <Filter Include="Source\Actor\Player">
      <UniqueIdentifier>{ac796dd2-abf6-4cf6-8473-5f5f1be09456}</UniqueIdentifier>
    </Filter>
    <Filter Include="Source\Actor\Stage">
      <UniqueIdentifier>{90b3cd28-0a33-4b61-8492-ff82543ee535}</UniqueIdentifier>
    </Filter>
    <Filter Include="Transform">
      <UniqueIdentifier>{b5893b33-0878-4937-97cf-a793d8845656}</UniqueIdentifier>
    </Filter>
    <Filter Include="GameCamera">
      <UniqueIdentifier>{e10e56e9-16f8-43ba-9782-6682655de9ba}</UniqueIdentifier>
    </Filter>
    <Filter Include="GameScene">
      <UniqueIdentifier>{7014b67b-246f-452b-819f-23a8ea9efd12}</UniqueIdentifier>
    </Filter>
    <Filter Include="SAN">
      <UniqueIdentifier>{29048c54-a11c-44d9-9b95-15be004e924d}</UniqueIdentifier>
    </Filter>
  </ItemGroup>
  <ItemGroup>
    <ClCompile Include="stdafx.cpp" />
    <ClCompile Include="main.cpp" />
    <ClCompile Include="system\system.cpp">
      <Filter>system</Filter>
    </ClCompile>
    <ClCompile Include="Source\Actor\Actor.cpp">
      <Filter>Source\Actor</Filter>
    </ClCompile>
    <ClCompile Include="Transform\Transform.cpp">
      <Filter>Transform</Filter>
    </ClCompile>
    <ClCompile Include="Source\Actor\Player\Player.cpp">
      <Filter>Source\Actor\Player</Filter>
    </ClCompile>
    <ClCompile Include="Source\Actor\Player\PlayerModel.cpp">
      <Filter>Source\Actor\Player</Filter>
    </ClCompile>
    <ClCompile Include="Source\Actor\Stage\MainStage.cpp">
      <Filter>Source\Actor\Stage</Filter>
    </ClCompile>
    <ClCompile Include="Source\Actor\Player\PlayerController.cpp">
      <Filter>Source\Actor\Player</Filter>
    </ClCompile>
    <ClCompile Include="GameCamera\GameCamera.cpp">
      <Filter>GameCamera</Filter>
    </ClCompile>
    <ClCompile Include="GameScene\Game.cpp">
      <Filter>GameScene</Filter>
    </ClCompile>
    <ClCompile Include="GameScene\Title.cpp">
      <Filter>GameScene</Filter>
    </ClCompile>
    <ClCompile Include="GameScene\LoadingScene.cpp">
      <Filter>GameScene</Filter>
    </ClCompile>
    <ClCompile Include="SAN\SANUI.cpp">
      <Filter>SAN</Filter>
    </ClCompile>
    <ClCompile Include="SAN\SANCalculation.cpp">
      <Filter>SAN</Filter>
    </ClCompile>
    <ClCompile Include="GameScene\GameOver.cpp">
      <Filter>GameScene</Filter>
    </ClCompile>
  </ItemGroup>
  <ItemGroup>
    <ClInclude Include="stdafx.h" />
    <ClInclude Include="system\system.h">
      <Filter>system</Filter>
    </ClInclude>
    <ClInclude Include="Source\Actor\Actor.h">
      <Filter>Source\Actor</Filter>
    </ClInclude>
    <ClInclude Include="Transform\Transform.h">
      <Filter>Transform</Filter>
    </ClInclude>
    <ClInclude Include="Source\Actor\Player\Player.h">
      <Filter>Source\Actor\Player</Filter>
    </ClInclude>
    <ClInclude Include="Source\Actor\Player\PlayerModel.h">
      <Filter>Source\Actor\Player</Filter>
    </ClInclude>
    <ClInclude Include="Source\Actor\Stage\MainStage.h">
      <Filter>Source\Actor\Stage</Filter>
    </ClInclude>
    <ClInclude Include="Source\Actor\Player\PlayerController.h">
      <Filter>Source\Actor\Player</Filter>
    </ClInclude>
    <ClInclude Include="GameCamera\GameCamera.h">
      <Filter>GameCamera</Filter>
    </ClInclude>
    <ClInclude Include="GameScene\Game.h">
      <Filter>GameScene</Filter>
    </ClInclude>
    <ClInclude Include="GameScene\Title.h">
      <Filter>GameScene</Filter>
    </ClInclude>
    <ClInclude Include="GameScene\LoadingScene.h">
      <Filter>GameScene</Filter>
    </ClInclude>
    <ClInclude Include="SAN\SANUI.h">
      <Filter>SAN</Filter>
    </ClInclude>
    <ClInclude Include="SAN\SANCalculation.h">
      <Filter>SAN</Filter>
    </ClInclude>
    <ClInclude Include="GameScene\GameOver.h">
      <Filter>GameScene</Filter>
    </ClInclude>
  </ItemGroup>
</Project>