<?xml version="1.0" encoding="utf-8"?>
<Project ToolsVersion="4.0" xmlns="http://schemas.microsoft.com/developer/msbuild/2003">
  <ItemGroup>
    <Filter Include="system">
      <UniqueIdentifier>{22dd8095-74f9-46df-81a1-36675a040b1f}</UniqueIdentifier>
    </Filter>
    <Filter Include="Source">
      <UniqueIdentifier>{6af6b6ec-2e2d-475e-9e4d-cb01b5b47607}</UniqueIdentifier>
    </Filter>
    <Filter Include="Source\Actor">
      <UniqueIdentifier>{d0b1b4a2-6aff-4c50-97ed-7afe937d1803}</UniqueIdentifier>
    </Filter>
    <Filter Include="Source\Actor\Player">
      <UniqueIdentifier>{ac796dd2-abf6-4cf6-8473-5f5f1be09456}</UniqueIdentifier>
    </Filter>
    <Filter Include="Source\Actor\Stage">
      <UniqueIdentifier>{90b3cd28-0a33-4b61-8492-ff82543ee535}</UniqueIdentifier>
    </Filter>
    <Filter Include="Transform">
      <UniqueIdentifier>{b5893b33-0878-4937-97cf-a793d8845656}</UniqueIdentifier>
    </Filter>
    <Filter Include="GameCamera">
      <UniqueIdentifier>{e10e56e9-16f8-43ba-9782-6682655de9ba}</UniqueIdentifier>
    </Filter>
    <Filter Include="GameScene">
      <UniqueIdentifier>{7014b67b-246f-452b-819f-23a8ea9efd12}</UniqueIdentifier>
    </Filter>
    <Filter Include="SAN">
      <UniqueIdentifier>{29048c54-a11c-44d9-9b95-15be004e924d}</UniqueIdentifier>
    </Filter>
    <Filter Include="Source\Actor\Stage\Door">
      <UniqueIdentifier>{465d7806-363f-459a-ad99-a6eeed481273}</UniqueIdentifier>
    </Filter>
    <Filter Include="Source\Actor\Stage\Door\PlateRoomDoor">
      <UniqueIdentifier>{d39a17cc-5373-4bb0-94d4-cd6b953af2c7}</UniqueIdentifier>
    </Filter>
    <Filter Include="Source\Actor\Stage\Door\HandSetRoomDoor">
      <UniqueIdentifier>{84667f30-36cd-4ebc-94a8-dacd4c54ffc0}</UniqueIdentifier>
    </Filter>
    <Filter Include="Source\Actor\Stage\Door\DarkRoomDoor">
      <UniqueIdentifier>{1a1cbdc9-daa5-4330-8f01-a8140c950579}</UniqueIdentifier>
    </Filter>
    <Filter Include="Source\Actor\Stage\PlateRoom">
      <UniqueIdentifier>{f6838e31-a0d3-4b8c-b86e-3318b23ed1ab}</UniqueIdentifier>
    </Filter>
    <Filter Include="Source\Actor\Stage\PlateRoom\Plate">
      <UniqueIdentifier>{f18e0959-004c-48e5-8c32-fdac08185f19}</UniqueIdentifier>
    </Filter>
    <Filter Include="Key">
      <UniqueIdentifier>{6f300306-13ca-4283-8a35-b1ddc0581cfc}</UniqueIdentifier>
    </Filter>
    <Filter Include="Key\KeyUI">
      <UniqueIdentifier>{55cbd433-9760-4a20-8c27-d8c1727415f2}</UniqueIdentifier>
    </Filter>
    <Filter Include="Key\PlateRoomKey">
      <UniqueIdentifier>{ea0cfb5f-fd55-4f23-89f4-c52fb43068a5}</UniqueIdentifier>
    </Filter>
    <Filter Include="Key\DarkRoomKey">
      <UniqueIdentifier>{b9fe2202-a24a-42db-a09a-7a055891ea08}</UniqueIdentifier>
    </Filter>
    <Filter Include="Key\HandSetRoomKey">
      <UniqueIdentifier>{ed04af8d-2d4a-43cf-9f96-e48f71392266}</UniqueIdentifier>
    </Filter>
    <Filter Include="Source\Actor\Stage\PlateRoom\DanBall">
      <UniqueIdentifier>{d44ab33e-f479-42a2-a2fb-340729ade1a7}</UniqueIdentifier>
    </Filter>
    <Filter Include="IntroductionUI">
      <UniqueIdentifier>{e9ccd3f5-9c5c-4b14-8db2-02ecdbb46080}</UniqueIdentifier>
    </Filter>
  </ItemGroup>
  <ItemGroup>
    <ClCompile Include="stdafx.cpp" />
    <ClCompile Include="main.cpp" />
    <ClCompile Include="system\system.cpp">
      <Filter>system</Filter>
    </ClCompile>
    <ClCompile Include="Source\Actor\Actor.cpp">
      <Filter>Source\Actor</Filter>
    </ClCompile>
    <ClCompile Include="Transform\Transform.cpp">
      <Filter>Transform</Filter>
    </ClCompile>
    <ClCompile Include="Source\Actor\Player\Player.cpp">
      <Filter>Source\Actor\Player</Filter>
    </ClCompile>
    <ClCompile Include="Source\Actor\Player\PlayerModel.cpp">
      <Filter>Source\Actor\Player</Filter>
    </ClCompile>
    <ClCompile Include="Source\Actor\Stage\MainStage.cpp">
      <Filter>Source\Actor\Stage</Filter>
    </ClCompile>
    <ClCompile Include="Source\Actor\Player\PlayerController.cpp">
      <Filter>Source\Actor\Player</Filter>
    </ClCompile>
    <ClCompile Include="GameCamera\GameCamera.cpp">
      <Filter>GameCamera</Filter>
    </ClCompile>
    <ClCompile Include="GameScene\Game.cpp">
      <Filter>GameScene</Filter>
    </ClCompile>
    <ClCompile Include="GameScene\Title.cpp">
      <Filter>GameScene</Filter>
    </ClCompile>
    <ClCompile Include="GameScene\LoadingScene.cpp">
      <Filter>GameScene</Filter>
    </ClCompile>
    <ClCompile Include="SAN\SANUI.cpp">
      <Filter>SAN</Filter>
    </ClCompile>
    <ClCompile Include="SAN\SANCalculation.cpp">
      <Filter>SAN</Filter>
    </ClCompile>
    <ClCompile Include="GameScene\GameOver.cpp">
      <Filter>GameScene</Filter>
    </ClCompile>
    <ClCompile Include="Source\Actor\Stage\Door\Door.cpp">
      <Filter>Source\Actor\Stage\Door</Filter>
    </ClCompile>
    <ClCompile Include="Source\Actor\Stage\Door\PlateRoomDoor\PlateRoomDoor.cpp">
      <Filter>Source\Actor\Stage\Door\PlateRoomDoor</Filter>
    </ClCompile>
    <ClCompile Include="Source\Actor\Stage\Door\HandSetRoomDoor\HandSetRoomDoor.cpp">
      <Filter>Source\Actor\Stage\Door\HandSetRoomDoor</Filter>
    </ClCompile>
    <ClCompile Include="Source\Actor\Stage\Door\DarkRoomDoor\DarkRoomDoor.cpp">
      <Filter>Source\Actor\Stage\Door\DarkRoomDoor</Filter>
    </ClCompile>
    <ClCompile Include="Source\Actor\Stage\PlateRoom\Plate\Plate.cpp">
      <Filter>Source\Actor\Stage\PlateRoom\Plate</Filter>
    </ClCompile>
    <ClCompile Include="Source\Actor\Stage\PlateRoom\PlateRoom.cpp">
      <Filter>Source\Actor\Stage\PlateRoom</Filter>
    </ClCompile>
    <ClCompile Include="Key\KeyUI\KeyUI.cpp">
      <Filter>Key\KeyUI</Filter>
    </ClCompile>
    <ClCompile Include="Key\Key.cpp">
      <Filter>Key</Filter>
    </ClCompile>
    <ClCompile Include="Source\Actor\Stage\PlateRoom\DanBall\DanBall.cpp">
      <Filter>Source\Actor\Stage\PlateRoom\DanBall</Filter>
    </ClCompile>
    <ClCompile Include="IntroductionUI\IntroductionUI.cpp">
      <Filter>IntroductionUI</Filter>
    </ClCompile>
  </ItemGroup>
  <ItemGroup>
    <ClInclude Include="stdafx.h" />
    <ClInclude Include="system\system.h">
      <Filter>system</Filter>
    </ClInclude>
    <ClInclude Include="Source\Actor\Actor.h">
      <Filter>Source\Actor</Filter>
    </ClInclude>
    <ClInclude Include="Transform\Transform.h">
      <Filter>Transform</Filter>
    </ClInclude>
    <ClInclude Include="Source\Actor\Player\Player.h">
      <Filter>Source\Actor\Player</Filter>
    </ClInclude>
    <ClInclude Include="Source\Actor\Player\PlayerModel.h">
      <Filter>Source\Actor\Player</Filter>
    </ClInclude>
    <ClInclude Include="Source\Actor\Stage\MainStage.h">
      <Filter>Source\Actor\Stage</Filter>
    </ClInclude>
    <ClInclude Include="Source\Actor\Player\PlayerController.h">
      <Filter>Source\Actor\Player</Filter>
    </ClInclude>
    <ClInclude Include="GameCamera\GameCamera.h">
      <Filter>GameCamera</Filter>
    </ClInclude>
    <ClInclude Include="GameScene\Game.h">
      <Filter>GameScene</Filter>
    </ClInclude>
    <ClInclude Include="GameScene\Title.h">
      <Filter>GameScene</Filter>
    </ClInclude>
    <ClInclude Include="GameScene\LoadingScene.h">
      <Filter>GameScene</Filter>
    </ClInclude>
    <ClInclude Include="SAN\SANUI.h">
      <Filter>SAN</Filter>
    </ClInclude>
    <ClInclude Include="SAN\SANCalculation.h">
      <Filter>SAN</Filter>
    </ClInclude>
    <ClInclude Include="GameScene\GameOver.h">
      <Filter>GameScene</Filter>
    </ClInclude>
    <ClInclude Include="Source\Actor\Stage\Door\Door.h">
      <Filter>Source\Actor\Stage\Door</Filter>
    </ClInclude>
    <ClInclude Include="Source\Actor\Stage\Door\PlateRoomDoor\PlateRoomDoor.h">
      <Filter>Source\Actor\Stage\Door\PlateRoomDoor</Filter>
    </ClInclude>
    <ClInclude Include="Source\Actor\Stage\Door\HandSetRoomDoor\HandSetRoomDoor.h">
      <Filter>Source\Actor\Stage\Door\HandSetRoomDoor</Filter>
    </ClInclude>
    <ClInclude Include="Source\Actor\Stage\Door\DarkRoomDoor\DarkRoomDoor.h">
      <Filter>Source\Actor\Stage\Door\DarkRoomDoor</Filter>
    </ClInclude>
    <ClInclude Include="Source\Actor\Stage\PlateRoom\Plate\Plate.h">
      <Filter>Source\Actor\Stage\PlateRoom\Plate</Filter>
    </ClInclude>
    <ClInclude Include="Source\Actor\Stage\PlateRoom\PlateRoom.h">
      <Filter>Source\Actor\Stage\PlateRoom</Filter>
    </ClInclude>
    <ClInclude Include="Key\KeyUI\KeyUI.h">
      <Filter>Key\KeyUI</Filter>
    </ClInclude>
    <ClInclude Include="Key\Key.h">
      <Filter>Key</Filter>
    </ClInclude>
    <ClInclude Include="Source\Actor\Stage\PlateRoom\DanBall\DanBall.h">
      <Filter>Source\Actor\Stage\PlateRoom\DanBall</Filter>
    </ClInclude>
    <ClInclude Include="IntroductionUI\IntroductionUI.h">
      <Filter>IntroductionUI</Filter>
    </ClInclude>
  </ItemGroup>
</Project>